PODS:
  - Flutter (1.0.0)
  - li_webview (0.0.1):
    - Flutter

DEPENDENCIES:
  - Flutter (from `Flutter`)
  - li_webview (from `.symlinks/plugins/li_webview/ios`)

EXTERNAL SOURCES:
  Flutter:
    :path: Flutter
  li_webview:
    :path: ".symlinks/plugins/li_webview/ios"

SPEC CHECKSUMS:
  Flutter: 0e3d915762c693b495b44d77113d4970485de6ec
  li_webview: eb635dd60c5aa4de3f8b0e4a423f3375a76b9d96

PODFILE CHECKSUM: 1b66dae606f75376c5f2135a8290850eeb09ae83

COCOAPODS: 1.8.4
